// !$*UTF8*$!
{
	archiveVersion = 1;
	classes = {
	};
	objectVersion = 55;
	objects = {

/* Begin PBXBuildFile section */
		46BA8DC027E3A8100022E8DA /* AppDelegate.swift in Sources */ = {isa = PBXBuildFile; fileRef = 46BA8DBF27E3A8100022E8DA /* AppDelegate.swift */; };
		46BA8DC227E3A8100022E8DA /* SceneDelegate.swift in Sources */ = {isa = PBXBuildFile; fileRef = 46BA8DC127E3A8100022E8DA /* SceneDelegate.swift */; };
		46BA8DC427E3A8100022E8DA /* ViewController.swift in Sources */ = {isa = PBXBuildFile; fileRef = 46BA8DC327E3A8100022E8DA /* ViewController.swift */; };
		46BA8DC727E3A8100022E8DA /* Main.storyboard in Resources */ = {isa = PBXBuildFile; fileRef = 46BA8DC527E3A8100022E8DA /* Main.storyboard */; };
		46BA8DCA27E3A8100022E8DA /* Pokemon_Go.xcdatamodeld in Sources */ = {isa = PBXBuildFile; fileRef = 46BA8DC827E3A8100022E8DA /* Pokemon_Go.xcdatamodeld */; };
		46BA8DCC27E3A8120022E8DA /* Assets.xcassets in Resources */ = {isa = PBXBuildFile; fileRef = 46BA8DCB27E3A8120022E8DA /* Assets.xcassets */; };
		46BA8DCF27E3A8120022E8DA /* LaunchScreen.storyboard in Resources */ = {isa = PBXBuildFile; fileRef = 46BA8DCD27E3A8120022E8DA /* LaunchScreen.storyboard */; };
		46BA8DD827E3A8F80022E8DA /* MapKit.framework in Frameworks */ = {isa = PBXBuildFile; fileRef = 46BA8DD727E3A8F80022E8DA /* MapKit.framework */; };
		46C180DF27E4F39F001F4D9C /* PokemonCoreData.swift in Sources */ = {isa = PBXBuildFile; fileRef = 46C180DE27E4F39F001F4D9C /* PokemonCoreData.swift */; };
		46C180E127E507D3001F4D9C /* AnnotationPokemon.swift in Sources */ = {isa = PBXBuildFile; fileRef = 46C180E027E507D3001F4D9C /* AnnotationPokemon.swift */; };
		46C180E327E51736001F4D9C /* PokeDeskViewController.swift in Sources */ = {isa = PBXBuildFile; fileRef = 46C180E227E51736001F4D9C /* PokeDeskViewController.swift */; };
/* End PBXBuildFile section */

/* Begin PBXFileReference section */
		46BA8DBC27E3A8100022E8DA /* Pokemon Go.app */ = {isa = PBXFileReference; explicitFileType = wrapper.application; includeInIndex = 0; path = "Pokemon Go.app"; sourceTree = BUILT_PRODUCTS_DIR; };
		46BA8DBF27E3A8100022E8DA /* AppDelegate.swift */ = {isa = PBXFileReference; lastKnownFileType = sourcecode.swift; path = AppDelegate.swift; sourceTree = "<group>"; };
		46BA8DC127E3A8100022E8DA /* SceneDelegate.swift */ = {isa = PBXFileReference; lastKnownFileType = sourcecode.swift; path = SceneDelegate.swift; sourceTree = "<group>"; };
		46BA8DC327E3A8100022E8DA /* ViewController.swift */ = {isa = PBXFileReference; lastKnownFileType = sourcecode.swift; path = ViewController.swift; sourceTree = "<group>"; };
		46BA8DC627E3A8100022E8DA /* Base */ = {isa = PBXFileReference; lastKnownFileType = file.storyboard; name = Base; path = Base.lproj/Main.storyboard; sourceTree = "<group>"; };
		46BA8DC927E3A8100022E8DA /* Pokemon_Go.xcdatamodel */ = {isa = PBXFileReference; lastKnownFileType = wrapper.xcdatamodel; path = Pokemon_Go.xcdatamodel; sourceTree = "<group>"; };
		46BA8DCB27E3A8120022E8DA /* Assets.xcassets */ = {isa = PBXFileReference; lastKnownFileType = folder.assetcatalog; path = Assets.xcassets; sourceTree = "<group>"; };
		46BA8DCE27E3A8120022E8DA /* Base */ = {isa = PBXFileReference; lastKnownFileType = file.storyboard; name = Base; path = Base.lproj/LaunchScreen.storyboard; sourceTree = "<group>"; };
		46BA8DD027E3A8120022E8DA /* Info.plist */ = {isa = PBXFileReference; lastKnownFileType = text.plist.xml; path = Info.plist; sourceTree = "<group>"; };
		46BA8DD727E3A8F80022E8DA /* MapKit.framework */ = {isa = PBXFileReference; lastKnownFileType = wrapper.framework; name = MapKit.framework; path = System/Library/Frameworks/MapKit.framework; sourceTree = SDKROOT; };
		46C180DE27E4F39F001F4D9C /* PokemonCoreData.swift */ = {isa = PBXFileReference; lastKnownFileType = sourcecode.swift; path = PokemonCoreData.swift; sourceTree = "<group>"; };
		46C180E027E507D3001F4D9C /* AnnotationPokemon.swift */ = {isa = PBXFileReference; lastKnownFileType = sourcecode.swift; path = AnnotationPokemon.swift; sourceTree = "<group>"; };
		46C180E227E51736001F4D9C /* PokeDeskViewController.swift */ = {isa = PBXFileReference; lastKnownFileType = sourcecode.swift; path = PokeDeskViewController.swift; sourceTree = "<group>"; };
/* End PBXFileReference section */

/* Begin PBXFrameworksBuildPhase section */
		46BA8DB927E3A8100022E8DA /* Frameworks */ = {
			isa = PBXFrameworksBuildPhase;
			buildActionMask = 2147483647;
			files = (
				46BA8DD827E3A8F80022E8DA /* MapKit.framework in Frameworks */,
			);
			runOnlyForDeploymentPostprocessing = 0;
		};
/* End PBXFrameworksBuildPhase section */

/* Begin PBXGroup section */
		46BA8DB327E3A8100022E8DA = {
			isa = PBXGroup;
			children = (
				46BA8DBE27E3A8100022E8DA /* Pokemon Go */,
				46BA8DBD27E3A8100022E8DA /* Products */,
				46BA8DD627E3A8F80022E8DA /* Frameworks */,
			);
			sourceTree = "<group>";
		};
		46BA8DBD27E3A8100022E8DA /* Products */ = {
			isa = PBXGroup;
			children = (
				46BA8DBC27E3A8100022E8DA /* Pokemon Go.app */,
			);
			name = Products;
			sourceTree = "<group>";
		};
		46BA8DBE27E3A8100022E8DA /* Pokemon Go */ = {
			isa = PBXGroup;
			children = (
				46BA8DBF27E3A8100022E8DA /* AppDelegate.swift */,
				46BA8DC127E3A8100022E8DA /* SceneDelegate.swift */,
				46BA8DC327E3A8100022E8DA /* ViewController.swift */,
				46C180DE27E4F39F001F4D9C /* PokemonCoreData.swift */,
				46C180E027E507D3001F4D9C /* AnnotationPokemon.swift */,
				46BA8DC527E3A8100022E8DA /* Main.storyboard */,
				46BA8DCB27E3A8120022E8DA /* Assets.xcassets */,
				46BA8DCD27E3A8120022E8DA /* LaunchScreen.storyboard */,
				46BA8DD027E3A8120022E8DA /* Info.plist */,
				46BA8DC827E3A8100022E8DA /* Pokemon_Go.xcdatamodeld */,
				46C180E227E51736001F4D9C /* PokeDeskViewController.swift */,
			);
			path = "Pokemon Go";
			sourceTree = "<group>";
		};
		46BA8DD627E3A8F80022E8DA /* Frameworks */ = {
			isa = PBXGroup;
			children = (
				46BA8DD727E3A8F80022E8DA /* MapKit.framework */,
			);
			name = Frameworks;
			sourceTree = "<group>";
		};
/* End PBXGroup section */

/* Begin PBXNativeTarget section */
		46BA8DBB27E3A8100022E8DA /* Pokemon Go */ = {
			isa = PBXNativeTarget;
			buildConfigurationList = 46BA8DD327E3A8120022E8DA /* Build configuration list for PBXNativeTarget "Pokemon Go" */;
			buildPhases = (
				46BA8DB827E3A8100022E8DA /* Sources */,
				46BA8DB927E3A8100022E8DA /* Frameworks */,
				46BA8DBA27E3A8100022E8DA /* Resources */,
			);
			buildRules = (
			);
			dependencies = (
			);
			name = "Pokemon Go";
			productName = "Pokemon Go";
			productReference = 46BA8DBC27E3A8100022E8DA /* Pokemon Go.app */;
			productType = "com.apple.product-type.application";
		};
/* End PBXNativeTarget section */

/* Begin PBXProject section */
		46BA8DB427E3A8100022E8DA /* Project object */ = {
			isa = PBXProject;
			attributes = {
				BuildIndependentTargetsInParallel = 1;
				LastSwiftUpdateCheck = 1320;
				LastUpgradeCheck = 1320;
				TargetAttributes = {
					46BA8DBB27E3A8100022E8DA = {
						CreatedOnToolsVersion = 13.2.1;
					};
				};
			};
			buildConfigurationList = 46BA8DB727E3A8100022E8DA /* Build configuration list for PBXProject "Pokemon Go" */;
			compatibilityVersion = "Xcode 13.0";
			developmentRegion = en;
			hasScannedForEncodings = 0;
			knownRegions = (
				en,
				Base,
			);
			mainGroup = 46BA8DB327E3A8100022E8DA;
			productRefGroup = 46BA8DBD27E3A8100022E8DA /* Products */;
			projectDirPath = "";
			projectRoot = "";
			targets = (
				46BA8DBB27E3A8100022E8DA /* Pokemon Go */,
			);
		};
/* End PBXProject section */

/* Begin PBXResourcesBuildPhase section */
		46BA8DBA27E3A8100022E8DA /* Resources */ = {
			isa = PBXResourcesBuildPhase;
			buildActionMask = 2147483647;
			files = (
				46BA8DCF27E3A8120022E8DA /* LaunchScreen.storyboard in Resources */,
				46BA8DCC27E3A8120022E8DA /* Assets.xcassets in Resources */,
				46BA8DC727E3A8100022E8DA /* Main.storyboard in Resources */,
			);
			runOnlyForDeploymentPostprocessing = 0;
		};
/* End PBXResourcesBuildPhase section */

/* Begin PBXSourcesBuildPhase section */
		46BA8DB827E3A8100022E8DA /* Sources */ = {
			isa = PBXSourcesBuildPhase;
			buildActionMask = 2147483647;
			files = (
				46C180E327E51736001F4D9C /* PokeDeskViewController.swift in Sources */,
				46C180DF27E4F39F001F4D9C /* PokemonCoreData.swift in Sources */,
				46C180E127E507D3001F4D9C /* AnnotationPokemon.swift in Sources */,
				46BA8DC427E3A8100022E8DA /* ViewController.swift in Sources */,
				46BA8DCA27E3A8100022E8DA /* Pokemon_Go.xcdatamodeld in Sources */,
				46BA8DC027E3A8100022E8DA /* AppDelegate.swift in Sources */,
				46BA8DC227E3A8100022E8DA /* SceneDelegate.swift in Sources */,
			);
			runOnlyForDeploymentPostprocessing = 0;
		};
/* End PBXSourcesBuildPhase section */

/* Begin PBXVariantGroup section */
		46BA8DC527E3A8100022E8DA /* Main.storyboard */ = {
			isa = PBXVariantGroup;
			children = (
				46BA8DC627E3A8100022E8DA /* Base */,
			);
			name = Main.storyboard;
			sourceTree = "<group>";
		};
		46BA8DCD27E3A8120022E8DA /* LaunchScreen.storyboard */ = {
			isa = PBXVariantGroup;
			children = (
				46BA8DCE27E3A8120022E8DA /* Base */,
			);
			name = LaunchScreen.storyboard;
			sourceTree = "<group>";
		};
/* End PBXVariantGroup section */

/* Begin XCBuildConfiguration section */
		46BA8DD127E3A8120022E8DA /* Debug */ = {
			isa = XCBuildConfiguration;
			buildSettings = {
				ALWAYS_SEARCH_USER_PATHS = NO;
				CLANG_ANALYZER_NONNULL = YES;
				CLANG_ANALYZER_NUMBER_OBJECT_CONVERSION = YES_AGGRESSIVE;
				CLANG_CXX_LANGUAGE_STANDARD = "gnu++17";
				CLANG_CXX_LIBRARY = "libc++";
				CLANG_ENABLE_MODULES = YES;
				CLANG_ENABLE_OBJC_ARC = YES;
				CLANG_ENABLE_OBJC_WEAK = YES;
				CLANG_WARN_BLOCK_CAPTURE_AUTORELEASING = YES;
				CLANG_WARN_BOOL_CONVERSION = YES;
				CLANG_WARN_COMMA = YES;
				CLANG_WARN_CONSTANT_CONVERSION = YES;
				CLANG_WARN_DEPRECATED_OBJC_IMPLEMENTATIONS = YES;
				CLANG_WARN_DIRECT_OBJC_ISA_USAGE = YES_ERROR;
				CLANG_WARN_DOCUMENTATION_COMMENTS = YES;
				CLANG_WARN_EMPTY_BODY = YES;
				CLANG_WARN_ENUM_CONVERSION = YES;
				CLANG_WARN_INFINITE_RECURSION = YES;
				CLANG_WARN_INT_CONVERSION = YES;
				CLANG_WARN_NON_LITERAL_NULL_CONVERSION = YES;
				CLANG_WARN_OBJC_IMPLICIT_RETAIN_SELF = YES;
				CLANG_WARN_OBJC_LITERAL_CONVERSION = YES;
				CLANG_WARN_OBJC_ROOT_CLASS = YES_ERROR;
				CLANG_WARN_QUOTED_INCLUDE_IN_FRAMEWORK_HEADER = YES;
				CLANG_WARN_RANGE_LOOP_ANALYSIS = YES;
				CLANG_WARN_STRICT_PROTOTYPES = YES;
				CLANG_WARN_SUSPICIOUS_MOVE = YES;
				CLANG_WARN_UNGUARDED_AVAILABILITY = YES_AGGRESSIVE;
				CLANG_WARN_UNREACHABLE_CODE = YES;
				CLANG_WARN__DUPLICATE_METHOD_MATCH = YES;
				COPY_PHASE_STRIP = NO;
				DEBUG_INFORMATION_FORMAT = dwarf;
				ENABLE_STRICT_OBJC_MSGSEND = YES;
				ENABLE_TESTABILITY = YES;
				GCC_C_LANGUAGE_STANDARD = gnu11;
				GCC_DYNAMIC_NO_PIC = NO;
				GCC_NO_COMMON_BLOCKS = YES;
				GCC_OPTIMIZATION_LEVEL = 0;
				GCC_PREPROCESSOR_DEFINITIONS = (
					"DEBUG=1",
					"$(inherited)",
				);
				GCC_WARN_64_TO_32_BIT_CONVERSION = YES;
				GCC_WARN_ABOUT_RETURN_TYPE = YES_ERROR;
				GCC_WARN_UNDECLARED_SELECTOR = YES;
				GCC_WARN_UNINITIALIZED_AUTOS = YES_AGGRESSIVE;
				GCC_WARN_UNUSED_FUNCTION = YES;
				GCC_WARN_UNUSED_VARIABLE = YES;
				IPHONEOS_DEPLOYMENT_TARGET = 15.2;
				MTL_ENABLE_DEBUG_INFO = INCLUDE_SOURCE;
				MTL_FAST_MATH = YES;
				ONLY_ACTIVE_ARCH = YES;
				SDKROOT = iphoneos;
				SWIFT_ACTIVE_COMPILATION_CONDITIONS = DEBUG;
				SWIFT_OPTIMIZATION_LEVEL = "-Onone";
			};
			name = Debug;
		};
		46BA8DD227E3A8120022E8DA /* Release */ = {
			isa = XCBuildConfiguration;
			buildSettings = {
				ALWAYS_SEARCH_USER_PATHS = NO;
				CLANG_ANALYZER_NONNULL = YES;
				CLANG_ANALYZER_NUMBER_OBJECT_CONVERSION = YES_AGGRESSIVE;
				CLANG_CXX_LANGUAGE_STANDARD = "gnu++17";
				CLANG_CXX_LIBRARY = "libc++";
				CLANG_ENABLE_MODULES = YES;
				CLANG_ENABLE_OBJC_ARC = YES;
				CLANG_ENABLE_OBJC_WEAK = YES;
				CLANG_WARN_BLOCK_CAPTURE_AUTORELEASING = YES;
				CLANG_WARN_BOOL_CONVERSION = YES;
				CLANG_WARN_COMMA = YES;
				CLANG_WARN_CONSTANT_CONVERSION = YES;
				CLANG_WARN_DEPRECATED_OBJC_IMPLEMENTATIONS = YES;
				CLANG_WARN_DIRECT_OBJC_ISA_USAGE = YES_ERROR;
				CLANG_WARN_DOCUMENTATION_COMMENTS = YES;
				CLANG_WARN_EMPTY_BODY = YES;
				CLANG_WARN_ENUM_CONVERSION = YES;
				CLANG_WARN_INFINITE_RECURSION = YES;
				CLANG_WARN_INT_CONVERSION = YES;
				CLANG_WARN_NON_LITERAL_NULL_CONVERSION = YES;
				CLANG_WARN_OBJC_IMPLICIT_RETAIN_SELF = YES;
				CLANG_WARN_OBJC_LITERAL_CONVERSION = YES;
				CLANG_WARN_OBJC_ROOT_CLASS = YES_ERROR;
				CLANG_WARN_QUOTED_INCLUDE_IN_FRAMEWORK_HEADER = YES;
				CLANG_WARN_RANGE_LOOP_ANALYSIS = YES;
				CLANG_WARN_STRICT_PROTOTYPES = YES;
				CLANG_WARN_SUSPICIOUS_MOVE = YES;
				CLANG_WARN_UNGUARDED_AVAILABILITY = YES_AGGRESSIVE;
				CLANG_WARN_UNREACHABLE_CODE = YES;
				CLANG_WARN__DUPLICATE_METHOD_MATCH = YES;
				COPY_PHASE_STRIP = NO;
				DEBUG_INFORMATION_FORMAT = "dwarf-with-dsym";
				ENABLE_NS_ASSERTIONS = NO;
				ENABLE_STRICT_OBJC_MSGSEND = YES;
				GCC_C_LANGUAGE_STANDARD = gnu11;
				GCC_NO_COMMON_BLOCKS = YES;
				GCC_WARN_64_TO_32_BIT_CONVERSION = YES;
				GCC_WARN_ABOUT_RETURN_TYPE = YES_ERROR;
				GCC_WARN_UNDECLARED_SELECTOR = YES;
				GCC_WARN_UNINITIALIZED_AUTOS = YES_AGGRESSIVE;
				GCC_WARN_UNUSED_FUNCTION = YES;
				GCC_WARN_UNUSED_VARIABLE = YES;
				IPHONEOS_DEPLOYMENT_TARGET = 15.2;
				MTL_ENABLE_DEBUG_INFO = NO;
				MTL_FAST_MATH = YES;
				SDKROOT = iphoneos;
				SWIFT_COMPILATION_MODE = wholemodule;
				SWIFT_OPTIMIZATION_LEVEL = "-O";
				VALIDATE_PRODUCT = YES;
			};
			name = Release;
		};
		46BA8DD427E3A8120022E8DA /* Debug */ = {
			isa = XCBuildConfiguration;
			buildSettings = {
				ASSETCATALOG_COMPILER_APPICON_NAME = AppIcon;
				ASSETCATALOG_COMPILER_GLOBAL_ACCENT_COLOR_NAME = AccentColor;
				CODE_SIGN_STYLE = Automatic;
				CURRENT_PROJECT_VERSION = 1;
				GENERATE_INFOPLIST_FILE = YES;
				INFOPLIST_FILE = "Pokemon Go/Info.plist";
				INFOPLIST_KEY_UIApplicationSupportsIndirectInputEvents = YES;
				INFOPLIST_KEY_UILaunchStoryboardName = LaunchScreen;
				INFOPLIST_KEY_UIMainStoryboardFile = Main;
				INFOPLIST_KEY_UISupportedInterfaceOrientations_iPad = "UIInterfaceOrientationPortrait UIInterfaceOrientationPortraitUpsideDown UIInterfaceOrientationLandscapeLeft UIInterfaceOrientationLandscapeRight";
				INFOPLIST_KEY_UISupportedInterfaceOrientations_iPhone = "UIInterfaceOrientationPortrait UIInterfaceOrientationLandscapeLeft UIInterfaceOrientationLandscapeRight";
				LD_RUNPATH_SEARCH_PATHS = (
					"$(inherited)",
					"@executable_path/Frameworks",
				);
				MARKETING_VERSION = 1.0;
				PRODUCT_BUNDLE_IDENTIFIER = "Curso-IOS.Pokemon-Go";
				PRODUCT_NAME = "$(TARGET_NAME)";
				SWIFT_EMIT_LOC_STRINGS = YES;
				SWIFT_VERSION = 5.0;
				TARGETED_DEVICE_FAMILY = "1,2";
			};
			name = Debug;
		};
		46BA8DD527E3A8120022E8DA /* Release */ = {
			isa = XCBuildConfiguration;
			buildSettings = {
				ASSETCATALOG_COMPILER_APPICON_NAME = AppIcon;
				ASSETCATALOG_COMPILER_GLOBAL_ACCENT_COLOR_NAME = AccentColor;
				CODE_SIGN_STYLE = Automatic;
				CURRENT_PROJECT_VERSION = 1;
				GENERATE_INFOPLIST_FILE = YES;
				INFOPLIST_FILE = "Pokemon Go/Info.plist";
				INFOPLIST_KEY_UIApplicationSupportsIndirectInputEvents = YES;
				INFOPLIST_KEY_UILaunchStoryboardName = LaunchScreen;
				INFOPLIST_KEY_UIMainStoryboardFile = Main;
				INFOPLIST_KEY_UISupportedInterfaceOrientations_iPad = "UIInterfaceOrientationPortrait UIInterfaceOrientationPortraitUpsideDown UIInterfaceOrientationLandscapeLeft UIInterfaceOrientationLandscapeRight";
				INFOPLIST_KEY_UISupportedInterfaceOrientations_iPhone = "UIInterfaceOrientationPortrait UIInterfaceOrientationLandscapeLeft UIInterfaceOrientationLandscapeRight";
				LD_RUNPATH_SEARCH_PATHS = (
					"$(inherited)",
					"@executable_path/Frameworks",
				);
				MARKETING_VERSION = 1.0;
				PRODUCT_BUNDLE_IDENTIFIER = "Curso-IOS.Pokemon-Go";
				PRODUCT_NAME = "$(TARGET_NAME)";
				SWIFT_EMIT_LOC_STRINGS = YES;
				SWIFT_VERSION = 5.0;
				TARGETED_DEVICE_FAMILY = "1,2";
			};
			name = Release;
		};
/* End XCBuildConfiguration section */

/* Begin XCConfigurationList section */
		46BA8DB727E3A8100022E8DA /* Build configuration list for PBXProject "Pokemon Go" */ = {
			isa = XCConfigurationList;
			buildConfigurations = (
				46BA8DD127E3A8120022E8DA /* Debug */,
				46BA8DD227E3A8120022E8DA /* Release */,
			);
			defaultConfigurationIsVisible = 0;
			defaultConfigurationName = Release;
		};
		46BA8DD327E3A8120022E8DA /* Build configuration list for PBXNativeTarget "Pokemon Go" */ = {
			isa = XCConfigurationList;
			buildConfigurations = (
				46BA8DD427E3A8120022E8DA /* Debug */,
				46BA8DD527E3A8120022E8DA /* Release */,
			);
			defaultConfigurationIsVisible = 0;
			defaultConfigurationName = Release;
		};
/* End XCConfigurationList section */

/* Begin XCVersionGroup section */
		46BA8DC827E3A8100022E8DA /* Pokemon_Go.xcdatamodeld */ = {
			isa = XCVersionGroup;
			children = (
				46BA8DC927E3A8100022E8DA /* Pokemon_Go.xcdatamodel */,
			);
			currentVersion = 46BA8DC927E3A8100022E8DA /* Pokemon_Go.xcdatamodel */;
			path = Pokemon_Go.xcdatamodeld;
			sourceTree = "<group>";
			versionGroupType = wrapper.xcdatamodel;
		};
/* End XCVersionGroup section */
	};
	rootObject = 46BA8DB427E3A8100022E8DA /* Project object */;
}
